
Microsoft Visual Studio Solution File, Format Version 12.00
# Visual Studio Version 17
VisualStudioVersion = 17.6.33829.357
MinimumVisualStudioVersion = 10.0.40219.1
Project("{9A19103F-16F7-4668-BE54-9A1E7A4F7556}") = "Folder-Backup", "Folder-Backup\Folder-Backup.csproj", "{5A5397AF-8AF2-4F39-A8B6-AEF268365F70}"
EndProject
Project("{FAE04EC0-301F-11D3-BF4B-00C04F79EFBC}") = "Folder-Backup-Test", "Folder-Backup-Test\Folder-Backup-Test.csproj", "{762E2C2B-578A-40AF-81E9-0CA43B3C6504}"
EndProject
Global
	GlobalSection(SolutionConfigurationPlatforms) = preSolution
		Debug|Any CPU = Debug|Any CPU
		Release|Any CPU = Release|Any CPU
	EndGlobalSection
	GlobalSection(ProjectConfigurationPlatforms) = postSolution
		{5A5397AF-8AF2-4F39-A8B6-AEF268365F70}.Debug|Any CPU.ActiveCfg = Debug|Any CPU
		{5A5397AF-8AF2-4F39-A8B6-AEF268365F70}.Debug|Any CPU.Build.0 = Debug|Any CPU
		{5A5397AF-8AF2-4F39-A8B6-AEF268365F70}.Release|Any CPU.ActiveCfg = Release|Any CPU
		{5A5397AF-8AF2-4F39-A8B6-AEF268365F70}.Release|Any CPU.Build.0 = Release|Any CPU
		{762E2C2B-578A-40AF-81E9-0CA43B3C6504}.Debug|Any CPU.ActiveCfg = Debug|Any CPU
		{762E2C2B-578A-40AF-81E9-0CA43B3C6504}.Debug|Any CPU.Build.0 = Debug|Any CPU
		{762E2C2B-578A-40AF-81E9-0CA43B3C6504}.Release|Any CPU.ActiveCfg = Release|Any CPU
		{762E2C2B-578A-40AF-81E9-0CA43B3C6504}.Release|Any CPU.Build.0 = Release|Any CPU
	EndGlobalSection
	GlobalSection(SolutionProperties) = preSolution
		HideSolutionNode = FALSE
	EndGlobalSection
	GlobalSection(ExtensibilityGlobals) = postSolution
		SolutionGuid = {59133CB0-9BA5-4729-AA13-8615D055F064}
	EndGlobalSection
EndGlobal
